
Microsoft Visual Studio Solution File, Format Version 12.00
# Visual Studio Version 16
VisualStudioVersion = 16.0.29728.190
MinimumVisualStudioVersion = 10.0.40219.1
Project("{FAE04EC0-301F-11D3-BF4B-00C04F79EFBC}") = "HolmanBerg", "HolmanBerg.csproj", "{822A2418-D23F-4C7D-9DD8-CCC635609D70}"
EndProject
Project("{FAE04EC0-301F-11D3-BF4B-00C04F79EFBC}") = "HolmanBerg.Tests", "..\HolmanBerg.Tests\HolmanBerg.Tests.csproj", "{49058F5C-0D26-44F0-A2A8-9299032F46A4}"
EndProject
Global
	GlobalSection(SolutionConfigurationPlatforms) = preSolution
		Debug|Any CPU = Debug|Any CPU
		Release|Any CPU = Release|Any CPU
	EndGlobalSection
	GlobalSection(ProjectConfigurationPlatforms) = postSolution
		{822A2418-D23F-4C7D-9DD8-CCC635609D70}.Debug|Any CPU.ActiveCfg = Debug|Any CPU
		{822A2418-D23F-4C7D-9DD8-CCC635609D70}.Debug|Any CPU.Build.0 = Debug|Any CPU
		{822A2418-D23F-4C7D-9DD8-CCC635609D70}.Release|Any CPU.ActiveCfg = Release|Any CPU
		{822A2418-D23F-4C7D-9DD8-CCC635609D70}.Release|Any CPU.Build.0 = Release|Any CPU
		{49058F5C-0D26-44F0-A2A8-9299032F46A4}.Debug|Any CPU.ActiveCfg = Debug|Any CPU
		{49058F5C-0D26-44F0-A2A8-9299032F46A4}.Debug|Any CPU.Build.0 = Debug|Any CPU
		{49058F5C-0D26-44F0-A2A8-9299032F46A4}.Release|Any CPU.ActiveCfg = Release|Any CPU
		{49058F5C-0D26-44F0-A2A8-9299032F46A4}.Release|Any CPU.Build.0 = Release|Any CPU
	EndGlobalSection
	GlobalSection(SolutionProperties) = preSolution
		HideSolutionNode = FALSE
	EndGlobalSection
	GlobalSection(ExtensibilityGlobals) = postSolution
		SolutionGuid = {94EFBD28-1D63-407D-B70E-64F95B583E14}
	EndGlobalSection
EndGlobal
